<?xml version="1.0" encoding="utf-8"?>
<Project xmlns="http://schemas.microsoft.com/developer/msbuild/2003">
  <ItemGroup>
    <Filter Include="Generated Files">
      <UniqueIdentifier>{71ED8ED8-ACB9-4CE9-BBE1-E00B30144E11}</UniqueIdentifier>
      <Extensions>cpp;c;cxx;moc;h;def;odl;idl;res;</Extensions>
    </Filter>
    <Filter Include="Generated Files">
      <UniqueIdentifier>{71ED8ED8-ACB9-4CE9-BBE1-E00B30144E11}</UniqueIdentifier>
      <Extensions>cpp;c;cxx;moc;h;def;odl;idl;res;</Extensions>
    </Filter>
    <Filter Include="Header Files">
      <UniqueIdentifier>{93995380-89BD-4b04-88EB-625FBE52EBFB}</UniqueIdentifier>
      <Extensions>h;hpp;hxx;hm;inl;inc;xsd</Extensions>
    </Filter>
    <Filter Include="Header Files">
      <UniqueIdentifier>{93995380-89BD-4b04-88EB-625FBE52EBFB}</UniqueIdentifier>
      <Extensions>h;hpp;hxx;hm;inl;inc;xsd</Extensions>
    </Filter>
    <Filter Include="Resource Files">
      <UniqueIdentifier>{D9D6E242-F8AF-46E4-B9FD-80ECBC20BA3E}</UniqueIdentifier>
      <Extensions>qrc;*</Extensions>
      <ParseFiles>false</ParseFiles>
    </Filter>
    <Filter Include="Resource Files">
      <UniqueIdentifier>{D9D6E242-F8AF-46E4-B9FD-80ECBC20BA3E}</UniqueIdentifier>
      <Extensions>qrc;*</Extensions>
      <ParseFiles>false</ParseFiles>
    </Filter>
    <Filter Include="Source Files">
      <UniqueIdentifier>{4FC737F1-C7A5-4376-A066-2A32D752A2FF}</UniqueIdentifier>
      <Extensions>cpp;c;cxx;def;odl;idl;hpj;bat;asm;asmx</Extensions>
    </Filter>
    <Filter Include="Source Files">
      <UniqueIdentifier>{4FC737F1-C7A5-4376-A066-2A32D752A2FF}</UniqueIdentifier>
      <Extensions>cpp;c;cxx;def;odl;idl;hpj;bat;asm;asmx</Extensions>
    </Filter>
    <Filter Include="Distribution Files">
      <UniqueIdentifier>{B83CAF91-C7BF-462F-B76C-EA11631F866C}</UniqueIdentifier>
      <Extensions>*</Extensions>
      <ParseFiles>false</ParseFiles>
    </Filter>
    <Filter Include="Distribution Files">
      <UniqueIdentifier>{B83CAF91-C7BF-462F-B76C-EA11631F866C}</UniqueIdentifier>
      <Extensions>*</Extensions>
      <ParseFiles>false</ParseFiles>
    </Filter>
  </ItemGroup>
  <ItemGroup>
    <ClCompile Include="appmodel.cpp">
      <Filter>Source Files</Filter>
    </ClCompile>
    <ClCompile Include="categoriemodel.cpp">
      <Filter>Source Files</Filter>
    </ClCompile>
    <ClCompile Include="directorymodel.cpp">
      <Filter>Source Files</Filter>
    </ClCompile>
    <ClCompile Include="execution.cpp">
      <Filter>Source Files</Filter>
    </ClCompile>
    <ClCompile Include="filter.cpp">
      <Filter>Source Files</Filter>
    </ClCompile>
    <ClCompile Include="main.cpp">
      <Filter>Source Files</Filter>
    </ClCompile>
  </ItemGroup>
  <ItemGroup>
    <QtMoc Include="appmodel.h">
      <Filter>Header Files</Filter>
    </QtMoc>
    <QtMoc Include="categoriemodel.h">
      <Filter>Header Files</Filter>
    </QtMoc>
    <QtMoc Include="directorymodel.h">
      <Filter>Header Files</Filter>
    </QtMoc>
    <QtMoc Include="execution.h">
      <Filter>Header Files</Filter>
    </QtMoc>
    <ClInclude Include="filter.h">
      <Filter>Header Files</Filter>
    </ClInclude>
  </ItemGroup>
  <ItemGroup>
    
    
    
    
    
    
    
    
    <CustomBuild Include="debug\moc_predefs.h.cbt">
      <Filter>Generated Files</Filter>
    </CustomBuild>
    <CustomBuild Include="release\moc_predefs.h.cbt">
      <Filter>Generated Files</Filter>
    </CustomBuild>
    
    
    
    
  </ItemGroup>
  <ItemGroup>
    <None Include="Categories.qml">
      <Filter>Resource Files</Filter>
    </None>
    <None Include="Info.qml">
      <Filter>Resource Files</Filter>
    </None>
    <None Include="ProgressCircle.qml">
      <Filter>Resource Files</Filter>
    </None>
    <None Include="application\SFCompactDisplay-Black.ttf">
      <Filter>Resource Files</Filter>
    </None>
    <None Include="application\SFCompactText-Medium.ttf">
      <Filter>Resource Files</Filter>
    </None>
    <None Include="application\SFCompactText-SemiBoldItalic.ttf">
      <Filter>Resource Files</Filter>
    </None>
    <None Include="application\SFProDisplay-Bold.ttf">
      <Filter>Resource Files</Filter>
    </None>
    <None Include="application\SFProDisplay-Semibold.ttf">
      <Filter>Resource Files</Filter>
    </None>
    <None Include="application\SFProDisplay-Ultralight.ttf">
      <Filter>Resource Files</Filter>
    </None>
    <None Include="application\SFProText-Medium.ttf">
      <Filter>Resource Files</Filter>
    </None>
    <None Include="SideBarIcon.qml">
      <Filter>Resource Files</Filter>
    </None>
    <None Include="SortFilterModel.qml">
      <Filter>Resource Files</Filter>
    </None>
    <None Include="SwipeFilterModel.qml">
      <Filter>Resource Files</Filter>
    </None>
    <None Include="application\accueil-interface.png">
      <Filter>Resource Files</Filter>
    </None>
    <None Include="application\accueil-interface@2x.png">
      <Filter>Resource Files</Filter>
    </None>
    <None Include="application\app2_ew.png">
      <Filter>Resource Files</Filter>
    </None>
    <None Include="application\assistance-telephonique-2_dz.png">
      <Filter>Resource Files</Filter>
    </None>
    <None Include="application\burgerMenuIcon.svg">
      <Filter>Resource Files</Filter>
    </None>
    <None Include="application\cadenas-verrouille_dn.png">
      <Filter>Resource Files</Filter>
    </None>
    <None Include="application\deconnexion.png">
      <Filter>Resource Files</Filter>
    </None>
    <None Include="application\defaultDirectory.png">
      <Filter>Resource Files</Filter>
    </None>
    <None Include="application\digital-7.ttf">
      <Filter>Resource Files</Filter>
    </None>
    <None Include="application\documentsDirectory.png">
      <Filter>Resource Files</Filter>
    </None>
    <None Include="application\downloadsDirectory.png">
      <Filter>Resource Files</Filter>
    </None>
    <None Include="application\icon_espacetravail.png">
      <Filter>Resource Files</Filter>
    </None>
    <None Include="application\icon_group.png">
      <Filter>Resource Files</Filter>
    </None>
    <QtRcc Include="application\image.qrc">
      <Filter>Resource Files</Filter>
    </QtRcc>
    <None Include="application\informations.png">
      <Filter>Resource Files</Filter>
    </None>
    <None Include="application\lhorloge-2.png">
      <Filter>Resource Files</Filter>
    </None>
    <None Include="application\linternet-2.png">
      <Filter>Resource Files</Filter>
    </None>
    <None Include="application\linux_app_icon.png">
      <Filter>Resource Files</Filter>
    </None>
    <None Include="application\lockButton.png">
      <Filter>Resource Files</Filter>
    </None>
    <None Include="application\lockButtonWhite.png">
      <Filter>Resource Files</Filter>
    </None>
    <None Include="main.qml">
      <Filter>Resource Files</Filter>
    </None>
    <None Include="application\miniatureinfra_ep.png">
      <Filter>Resource Files</Filter>
    </None>
    <None Include="application\miniatureinfra_ex.png">
      <Filter>Resource Files</Filter>
    </None>
    <None Include="application\n_tv-a-ecran-plat.png">
      <Filter>Resource Files</Filter>
    </None>
    <None Include="application\notification.png">
      <Filter>Resource Files</Filter>
    </None>
    <None Include="application\partage-de-fichiers@2x.png">
      <Filter>Resource Files</Filter>
    </None>
    <None Include="application\pc.png">
      <Filter>Resource Files</Filter>
    </None>
    <None Include="application\powerButton.png">
      <Filter>Resource Files</Filter>
    </None>
    <None Include="application\profile-user_dp.png">
      <Filter>Resource Files</Filter>
    </None>
    <QtRcc Include="qml.qrc">
      <Filter>Resource Files</Filter>
    </QtRcc>
    <None Include="qtquickcontrols2.conf">
      <Filter>Resource Files</Filter>
    </None>
    <None Include="application\search.png">
      <Filter>Resource Files</Filter>
    </None>
    <None Include="application\user.png">
      <Filter>Resource Files</Filter>
    </None>
    <None Include="application\windows_app_icon.png">
      <Filter>Resource Files</Filter>
    </None>
    <None Include="application\windows_log_off.png">
      <Filter>Resource Files</Filter>
    </None>
  </ItemGroup>
  <ItemGroup>
    <None Include="(copie).png">
      <Filter>Distribution Files</Filter>
    </None>
    <None Include="application\SFCompactDisplay-Black.ttf">
      <Filter>Distribution Files</Filter>
    </None>
    <None Include="application\SFCompactText-Medium.ttf">
      <Filter>Distribution Files</Filter>
    </None>
    <None Include="application\SFCompactText-SemiBoldItalic.ttf">
      <Filter>Distribution Files</Filter>
    </None>
    <None Include="application\SFProDisplay-Bold.ttf">
      <Filter>Distribution Files</Filter>
    </None>
    <None Include="application\SFProDisplay-Semibold.ttf">
      <Filter>Distribution Files</Filter>
    </None>
    <None Include="application\SFProDisplay-Ultralight.ttf">
      <Filter>Distribution Files</Filter>
    </None>
    <None Include="application\SFProText-Medium.ttf">
      <Filter>Distribution Files</Filter>
    </None>
    <None Include="application\accueil-interface.png">
      <Filter>Distribution Files</Filter>
    </None>
    <None Include="application\accueil-interface@2x.png">
      <Filter>Distribution Files</Filter>
    </None>
    <None Include="application\app2_ew.png">
      <Filter>Distribution Files</Filter>
    </None>
    <None Include="application\assistance-telephonique-2_dz.png">
      <Filter>Distribution Files</Filter>
    </None>
    <None Include="application\assistance-telephonique-2_ee.png">
      <Filter>Distribution Files</Filter>
    </None>
    <None Include="bl.ttf">
      <Filter>Distribution Files</Filter>
    </None>
    <None Include="application\burgerMenuIcon.svg">
      <Filter>Distribution Files</Filter>
    </None>
    <None Include="application\cadenas-verrouille_dn.png">
      <Filter>Distribution Files</Filter>
    </None>
    <None Include="application\carbon">
      <Filter>Distribution Files</Filter>
    </None>
    <None Include="application\deconnexion.png">
      <Filter>Distribution Files</Filter>
    </None>
    <None Include="application\digital-7.ttf">
      <Filter>Distribution Files</Filter>
    </None>
    <None Include="application\documentsDirectory.png">
      <Filter>Distribution Files</Filter>
    </None>
    <None Include="application\downloadsDirectory.png">
      <Filter>Distribution Files</Filter>
    </None>
    <None Include="application\icon_espacetravail.png">
      <Filter>Distribution Files</Filter>
    </None>
    <None Include="application\icon_group.png">
      <Filter>Distribution Files</Filter>
    </None>
    <None Include="application\informations.png">
      <Filter>Distribution Files</Filter>
    </None>
    <None Include="application\lhorloge-2.png">
      <Filter>Distribution Files</Filter>
    </None>
    <None Include="application\linternet-2.png">
      <Filter>Distribution Files</Filter>
    </None>
    <None Include="application\linux_app_icon.png">
      <Filter>Distribution Files</Filter>
    </None>
    <None Include="application\lockButton.png">
      <Filter>Distribution Files</Filter>
    </None>
    <None Include="application\lockButtonWhite.png">
      <Filter>Distribution Files</Filter>
    </None>
    <None Include="application\loupe-2.png">
      <Filter>Distribution Files</Filter>
    </None>
    <None Include="application\miniatureinfra_ep.png">
      <Filter>Distribution Files</Filter>
    </None>
    <None Include="application\miniatureinfra_ex.png">
      <Filter>Distribution Files</Filter>
    </None>
    <None Include="application\n_tv-a-ecran-plat.png">
      <Filter>Distribution Files</Filter>
    </None>
    <None Include="application\notification.png">
      <Filter>Distribution Files</Filter>
    </None>
    <None Include="application\partage-de-fichiers@2x.png">
      <Filter>Distribution Files</Filter>
    </None>
    <None Include="application\pc.png">
      <Filter>Distribution Files</Filter>
    </None>
    <None Include="application\powerButton.jpg">
      <Filter>Distribution Files</Filter>
    </None>
    <None Include="application\powerButton.png">
      <Filter>Distribution Files</Filter>
    </None>
    <None Include="application\powerButton">
      <Filter>Distribution Files</Filter>
    </None>
    <None Include="application\profile-user_dp.png">
      <Filter>Distribution Files</Filter>
    </None>
    <None Include="application\search.png">
      <Filter>Distribution Files</Filter>
    </None>
    <None Include="application\user.png">
      <Filter>Distribution Files</Filter>
    </None>
    <None Include="application\windows_app_icon.png">
      <Filter>Distribution Files</Filter>
    </None>
    <None Include="application\windows_log_off.png">
      <Filter>Distribution Files</Filter>
    </None>
  </ItemGroup>
  <ItemGroup>
    <ResourceCompile Include="C:\Users\dev\Documents\edutice-launcher\edutice-launcher_resource.rc" />
  </ItemGroup>
</Project>